
Microsoft Visual Studio Solution File, Format Version 12.00
# Visual Studio 15
VisualStudioVersion = 15.0.27604.0
MinimumVisualStudioVersion = 10.0.40219.1
Project("{9A19103F-16F7-4668-BE54-9A1E7A4F7556}") = "LacoWikiMobile.App", "src\LacoWikiMobile.App\LacoWikiMobile.App.csproj", "{CA6FA195-0A75-4481-B827-64B84FE8F9A3}"
EndProject
Project("{FAE04EC0-301F-11D3-BF4B-00C04F79EFBC}") = "LacoWikiMobile.App.Android", "src\LacoWikiMobile.App.Android\LacoWikiMobile.App.Android.csproj", "{8747D535-AF51-47A4-9445-2F3FFF9BB1A5}"
EndProject
Project("{FAE04EC0-301F-11D3-BF4B-00C04F79EFBC}") = "LacoWikiMobile.App.iOS", "src\LacoWikiMobile.App.iOS\LacoWikiMobile.App.iOS.csproj", "{8FCB6E38-524F-4405-841F-92163D906C31}"
EndProject
Project("{2150E333-8FDC-42A3-9474-1A3956D46DE8}") = "app", "app", "{FFEFC86F-5BDC-484D-A0FD-36BB399E5DFF}"
EndProject
Global
	GlobalSection(SolutionConfigurationPlatforms) = preSolution
		Ad-Hoc|Any CPU = Ad-Hoc|Any CPU
		Ad-Hoc|iPhone = Ad-Hoc|iPhone
		Ad-Hoc|iPhoneSimulator = Ad-Hoc|iPhoneSimulator
		AppStore|Any CPU = AppStore|Any CPU
		AppStore|iPhone = AppStore|iPhone
		AppStore|iPhoneSimulator = AppStore|iPhoneSimulator
		Debug|Any CPU = Debug|Any CPU
		Debug|iPhone = Debug|iPhone
		Debug|iPhoneSimulator = Debug|iPhoneSimulator
		Release|Any CPU = Release|Any CPU
		Release|iPhone = Release|iPhone
		Release|iPhoneSimulator = Release|iPhoneSimulator
	EndGlobalSection
	GlobalSection(ProjectConfigurationPlatforms) = postSolution
		{CA6FA195-0A75-4481-B827-64B84FE8F9A3}.Ad-Hoc|Any CPU.ActiveCfg = Debug|Any CPU
		{CA6FA195-0A75-4481-B827-64B84FE8F9A3}.Ad-Hoc|Any CPU.Build.0 = Debug|Any CPU
		{CA6FA195-0A75-4481-B827-64B84FE8F9A3}.Ad-Hoc|iPhone.ActiveCfg = Debug|Any CPU
		{CA6FA195-0A75-4481-B827-64B84FE8F9A3}.Ad-Hoc|iPhone.Build.0 = Debug|Any CPU
		{CA6FA195-0A75-4481-B827-64B84FE8F9A3}.Ad-Hoc|iPhoneSimulator.ActiveCfg = Debug|Any CPU
		{CA6FA195-0A75-4481-B827-64B84FE8F9A3}.Ad-Hoc|iPhoneSimulator.Build.0 = Debug|Any CPU
		{CA6FA195-0A75-4481-B827-64B84FE8F9A3}.AppStore|Any CPU.ActiveCfg = Debug|Any CPU
		{CA6FA195-0A75-4481-B827-64B84FE8F9A3}.AppStore|Any CPU.Build.0 = Debug|Any CPU
		{CA6FA195-0A75-4481-B827-64B84FE8F9A3}.AppStore|iPhone.ActiveCfg = Debug|Any CPU
		{CA6FA195-0A75-4481-B827-64B84FE8F9A3}.AppStore|iPhone.Build.0 = Debug|Any CPU
		{CA6FA195-0A75-4481-B827-64B84FE8F9A3}.AppStore|iPhoneSimulator.ActiveCfg = Debug|Any CPU
		{CA6FA195-0A75-4481-B827-64B84FE8F9A3}.AppStore|iPhoneSimulator.Build.0 = Debug|Any CPU
		{CA6FA195-0A75-4481-B827-64B84FE8F9A3}.Debug|Any CPU.ActiveCfg = Debug|Any CPU
		{CA6FA195-0A75-4481-B827-64B84FE8F9A3}.Debug|Any CPU.Build.0 = Debug|Any CPU
		{CA6FA195-0A75-4481-B827-64B84FE8F9A3}.Debug|iPhone.ActiveCfg = Debug|Any CPU
		{CA6FA195-0A75-4481-B827-64B84FE8F9A3}.Debug|iPhone.Build.0 = Debug|Any CPU
		{CA6FA195-0A75-4481-B827-64B84FE8F9A3}.Debug|iPhoneSimulator.ActiveCfg = Debug|Any CPU
		{CA6FA195-0A75-4481-B827-64B84FE8F9A3}.Debug|iPhoneSimulator.Build.0 = Debug|Any CPU
		{CA6FA195-0A75-4481-B827-64B84FE8F9A3}.Release|Any CPU.ActiveCfg = Release|Any CPU
		{CA6FA195-0A75-4481-B827-64B84FE8F9A3}.Release|Any CPU.Build.0 = Release|Any CPU
		{CA6FA195-0A75-4481-B827-64B84FE8F9A3}.Release|iPhone.ActiveCfg = Release|Any CPU
		{CA6FA195-0A75-4481-B827-64B84FE8F9A3}.Release|iPhone.Build.0 = Release|Any CPU
		{CA6FA195-0A75-4481-B827-64B84FE8F9A3}.Release|iPhoneSimulator.ActiveCfg = Release|Any CPU
		{CA6FA195-0A75-4481-B827-64B84FE8F9A3}.Release|iPhoneSimulator.Build.0 = Release|Any CPU
		{8747D535-AF51-47A4-9445-2F3FFF9BB1A5}.Ad-Hoc|Any CPU.ActiveCfg = Release|Any CPU
		{8747D535-AF51-47A4-9445-2F3FFF9BB1A5}.Ad-Hoc|Any CPU.Build.0 = Release|Any CPU
		{8747D535-AF51-47A4-9445-2F3FFF9BB1A5}.Ad-Hoc|Any CPU.Deploy.0 = Release|Any CPU
		{8747D535-AF51-47A4-9445-2F3FFF9BB1A5}.Ad-Hoc|iPhone.ActiveCfg = Release|Any CPU
		{8747D535-AF51-47A4-9445-2F3FFF9BB1A5}.Ad-Hoc|iPhone.Build.0 = Release|Any CPU
		{8747D535-AF51-47A4-9445-2F3FFF9BB1A5}.Ad-Hoc|iPhone.Deploy.0 = Release|Any CPU
		{8747D535-AF51-47A4-9445-2F3FFF9BB1A5}.Ad-Hoc|iPhoneSimulator.ActiveCfg = Release|Any CPU
		{8747D535-AF51-47A4-9445-2F3FFF9BB1A5}.Ad-Hoc|iPhoneSimulator.Build.0 = Release|Any CPU
		{8747D535-AF51-47A4-9445-2F3FFF9BB1A5}.Ad-Hoc|iPhoneSimulator.Deploy.0 = Release|Any CPU
		{8747D535-AF51-47A4-9445-2F3FFF9BB1A5}.AppStore|Any CPU.ActiveCfg = Release|Any CPU
		{8747D535-AF51-47A4-9445-2F3FFF9BB1A5}.AppStore|Any CPU.Build.0 = Release|Any CPU
		{8747D535-AF51-47A4-9445-2F3FFF9BB1A5}.AppStore|Any CPU.Deploy.0 = Release|Any CPU
		{8747D535-AF51-47A4-9445-2F3FFF9BB1A5}.AppStore|iPhone.ActiveCfg = Release|Any CPU
		{8747D535-AF51-47A4-9445-2F3FFF9BB1A5}.AppStore|iPhone.Build.0 = Release|Any CPU
		{8747D535-AF51-47A4-9445-2F3FFF9BB1A5}.AppStore|iPhone.Deploy.0 = Release|Any CPU
		{8747D535-AF51-47A4-9445-2F3FFF9BB1A5}.AppStore|iPhoneSimulator.ActiveCfg = Release|Any CPU
		{8747D535-AF51-47A4-9445-2F3FFF9BB1A5}.AppStore|iPhoneSimulator.Build.0 = Release|Any CPU
		{8747D535-AF51-47A4-9445-2F3FFF9BB1A5}.AppStore|iPhoneSimulator.Deploy.0 = Release|Any CPU
		{8747D535-AF51-47A4-9445-2F3FFF9BB1A5}.Debug|Any CPU.ActiveCfg = Debug|Any CPU
		{8747D535-AF51-47A4-9445-2F3FFF9BB1A5}.Debug|Any CPU.Build.0 = Debug|Any CPU
		{8747D535-AF51-47A4-9445-2F3FFF9BB1A5}.Debug|Any CPU.Deploy.0 = Debug|Any CPU
		{8747D535-AF51-47A4-9445-2F3FFF9BB1A5}.Debug|iPhone.ActiveCfg = Debug|Any CPU
		{8747D535-AF51-47A4-9445-2F3FFF9BB1A5}.Debug|iPhone.Build.0 = Debug|Any CPU
		{8747D535-AF51-47A4-9445-2F3FFF9BB1A5}.Debug|iPhone.Deploy.0 = Debug|Any CPU
		{8747D535-AF51-47A4-9445-2F3FFF9BB1A5}.Debug|iPhoneSimulator.ActiveCfg = Debug|Any CPU
		{8747D535-AF51-47A4-9445-2F3FFF9BB1A5}.Debug|iPhoneSimulator.Build.0 = Debug|Any CPU
		{8747D535-AF51-47A4-9445-2F3FFF9BB1A5}.Debug|iPhoneSimulator.Deploy.0 = Debug|Any CPU
		{8747D535-AF51-47A4-9445-2F3FFF9BB1A5}.Release|Any CPU.ActiveCfg = Release|Any CPU
		{8747D535-AF51-47A4-9445-2F3FFF9BB1A5}.Release|Any CPU.Build.0 = Release|Any CPU
		{8747D535-AF51-47A4-9445-2F3FFF9BB1A5}.Release|Any CPU.Deploy.0 = Release|Any CPU
		{8747D535-AF51-47A4-9445-2F3FFF9BB1A5}.Release|iPhone.ActiveCfg = Release|Any CPU
		{8747D535-AF51-47A4-9445-2F3FFF9BB1A5}.Release|iPhone.Build.0 = Release|Any CPU
		{8747D535-AF51-47A4-9445-2F3FFF9BB1A5}.Release|iPhone.Deploy.0 = Release|Any CPU
		{8747D535-AF51-47A4-9445-2F3FFF9BB1A5}.Release|iPhoneSimulator.ActiveCfg = Release|Any CPU
		{8747D535-AF51-47A4-9445-2F3FFF9BB1A5}.Release|iPhoneSimulator.Build.0 = Release|Any CPU
		{8747D535-AF51-47A4-9445-2F3FFF9BB1A5}.Release|iPhoneSimulator.Deploy.0 = Release|Any CPU
		{8FCB6E38-524F-4405-841F-92163D906C31}.Ad-Hoc|Any CPU.ActiveCfg = Ad-Hoc|iPhone
		{8FCB6E38-524F-4405-841F-92163D906C31}.Ad-Hoc|iPhone.ActiveCfg = Ad-Hoc|iPhone
		{8FCB6E38-524F-4405-841F-92163D906C31}.Ad-Hoc|iPhone.Build.0 = Ad-Hoc|iPhone
		{8FCB6E38-524F-4405-841F-92163D906C31}.Ad-Hoc|iPhoneSimulator.ActiveCfg = Ad-Hoc|iPhoneSimulator
		{8FCB6E38-524F-4405-841F-92163D906C31}.Ad-Hoc|iPhoneSimulator.Build.0 = Ad-Hoc|iPhoneSimulator
		{8FCB6E38-524F-4405-841F-92163D906C31}.AppStore|Any CPU.ActiveCfg = AppStore|iPhone
		{8FCB6E38-524F-4405-841F-92163D906C31}.AppStore|iPhone.ActiveCfg = AppStore|iPhone
		{8FCB6E38-524F-4405-841F-92163D906C31}.AppStore|iPhone.Build.0 = AppStore|iPhone
		{8FCB6E38-524F-4405-841F-92163D906C31}.AppStore|iPhoneSimulator.ActiveCfg = AppStore|iPhoneSimulator
		{8FCB6E38-524F-4405-841F-92163D906C31}.AppStore|iPhoneSimulator.Build.0 = AppStore|iPhoneSimulator
		{8FCB6E38-524F-4405-841F-92163D906C31}.Debug|Any CPU.ActiveCfg = Debug|iPhone
		{8FCB6E38-524F-4405-841F-92163D906C31}.Debug|iPhone.ActiveCfg = Debug|iPhone
		{8FCB6E38-524F-4405-841F-92163D906C31}.Debug|iPhone.Build.0 = Debug|iPhone
		{8FCB6E38-524F-4405-841F-92163D906C31}.Debug|iPhoneSimulator.ActiveCfg = Debug|iPhoneSimulator
		{8FCB6E38-524F-4405-841F-92163D906C31}.Debug|iPhoneSimulator.Build.0 = Debug|iPhoneSimulator
		{8FCB6E38-524F-4405-841F-92163D906C31}.Release|Any CPU.ActiveCfg = Release|iPhone
		{8FCB6E38-524F-4405-841F-92163D906C31}.Release|iPhone.ActiveCfg = Release|iPhone
		{8FCB6E38-524F-4405-841F-92163D906C31}.Release|iPhone.Build.0 = Release|iPhone
		{8FCB6E38-524F-4405-841F-92163D906C31}.Release|iPhoneSimulator.ActiveCfg = Release|iPhoneSimulator
		{8FCB6E38-524F-4405-841F-92163D906C31}.Release|iPhoneSimulator.Build.0 = Release|iPhoneSimulator
	EndGlobalSection
	GlobalSection(SolutionProperties) = preSolution
		HideSolutionNode = FALSE
	EndGlobalSection
	GlobalSection(NestedProjects) = preSolution
		{CA6FA195-0A75-4481-B827-64B84FE8F9A3} = {FFEFC86F-5BDC-484D-A0FD-36BB399E5DFF}
		{8747D535-AF51-47A4-9445-2F3FFF9BB1A5} = {FFEFC86F-5BDC-484D-A0FD-36BB399E5DFF}
		{8FCB6E38-524F-4405-841F-92163D906C31} = {FFEFC86F-5BDC-484D-A0FD-36BB399E5DFF}
	EndGlobalSection
	GlobalSection(ExtensibilityGlobals) = postSolution
		SolutionGuid = {557E1BD7-4CA1-4C7B-A190-D30E074E12CD}
	EndGlobalSection
EndGlobal
